# This file is automatically @generated by Cargo.
# It is not intended for manual editing.
version = 3

[[package]]
name = "abscissa"
version = "0.1.0-pre.1"
source = "registry+https://github.com/rust-lang/crates.io-index"
checksum = "ffe01067119b93ef2b2b6f5b00b66b1fb148266db1498bf686eea9780acc8447"
dependencies = [
 "abscissa_derive",
 "atty",
 "canonical-path",
 "chrono",
 "failure",
 "gumdrop",
 "gumdrop_derive",
 "lazy_static",
 "libc",
 "log 0.4.6",
 "secrecy",
 "semver",
 "serde",
 "signal-hook",
 "simplelog",
 "termcolor",
 "toml",
]

[[package]]
name = "abscissa_derive"
version = "0.1.0-pre.1"
source = "registry+https://github.com/rust-lang/crates.io-index"
checksum = "a14a6256419bc6613a7806388f50554e387cebc388007a1d2a47f9ef6c088341"
dependencies = [
 "proc-macro2",
 "quote",
 "syn 0.15.35",
 "synstructure",
]

[[package]]
name = "aes"
version = "0.3.2"
source = "registry+https://github.com/rust-lang/crates.io-index"
checksum = "54eb1d8fe354e5fc611daf4f2ea97dd45a765f4f1e4512306ec183ae2e8f20c9"
dependencies = [
 "aes-soft",
 "aesni",
 "block-cipher-trait",
]

[[package]]
name = "aes-soft"
version = "0.3.3"
source = "registry+https://github.com/rust-lang/crates.io-index"
checksum = "cfd7e7ae3f9a1fb5c03b389fc6bb9a51400d0c13053f0dca698c832bfd893a0d"
dependencies = [
 "block-cipher-trait",
 "byteorder",
 "opaque-debug",
]

[[package]]
name = "aesni"
version = "0.6.0"
source = "registry+https://github.com/rust-lang/crates.io-index"
checksum = "2f70a6b5f971e473091ab7cfb5ffac6cde81666c4556751d8d5620ead8abf100"
dependencies = [
 "block-cipher-trait",
 "opaque-debug",
]

[[package]]
name = "arc-swap"
version = "0.3.11"
source = "registry+https://github.com/rust-lang/crates.io-index"
checksum = "bc4662175ead9cd84451d5c35070517777949a2ed84551764129cedb88384841"

[[package]]
name = "argon2rs"
version = "0.2.5"
source = "registry+https://github.com/rust-lang/crates.io-index"
checksum = "3f67b0b6a86dae6e67ff4ca2b6201396074996379fba2b92ff649126f37cb392"
dependencies = [
 "blake2-rfc",
 "scoped_threadpool",
]

[[package]]
name = "arrayref"
version = "0.3.5"
source = "registry+https://github.com/rust-lang/crates.io-index"
checksum = "0d382e583f07208808f6b1249e60848879ba3543f57c32277bf52d69c2f0f0ee"

[[package]]
name = "arrayvec"
version = "0.4.10"
source = "registry+https://github.com/rust-lang/crates.io-index"
checksum = "92c7fb76bc8826a8b33b4ee5bb07a247a81e76764ab4d55e8f73e3a4d8808c71"
dependencies = [
 "nodrop",
]

[[package]]
name = "atomicwrites"
version = "0.2.3"
source = "registry+https://github.com/rust-lang/crates.io-index"
checksum = "c4e1aa99513c90202b4b04cfbe3c9d51dd914f2e26215a4caa76574b00bb6393"
dependencies = [
 "nix 0.14.1",
 "tempdir",
 "winapi 0.3.7",
]

[[package]]
name = "atty"
version = "0.2.11"
source = "registry+https://github.com/rust-lang/crates.io-index"
checksum = "9a7d5b8723950951411ee34d271d99dddcc2035a16ab25310ea2c8cfd4369652"
dependencies = [
 "libc",
 "termion",
 "winapi 0.3.7",
]

[[package]]
name = "autocfg"
version = "0.1.4"
source = "registry+https://github.com/rust-lang/crates.io-index"
checksum = "0e49efa51329a5fd37e7c79db4621af617cd4e3e5bc224939808d076077077bf"

[[package]]
name = "backtrace"
version = "0.3.30"
source = "registry+https://github.com/rust-lang/crates.io-index"
checksum = "ada4c783bb7e7443c14e0480f429ae2cc99da95065aeab7ee1b81ada0419404f"
dependencies = [
 "autocfg",
 "backtrace-sys",
 "cfg-if",
 "libc",
 "rustc-demangle",
]

[[package]]
name = "backtrace-sys"
version = "0.1.28"
source = "registry+https://github.com/rust-lang/crates.io-index"
checksum = "797c830ac25ccc92a7f8a7b9862bde440715531514594a6154e3d4a54dd769b6"
dependencies = [
 "cc",
 "libc",
]

[[package]]
name = "base64"
version = "0.9.3"
source = "registry+https://github.com/rust-lang/crates.io-index"
checksum = "489d6c0ed21b11d038c31b6ceccca973e65d73ba3bd8ecb9a2babf5546164643"
dependencies = [
 "byteorder",
 "safemem",
]

[[package]]
name = "bit-set"
version = "0.2.0"
source = "registry+https://github.com/rust-lang/crates.io-index"
checksum = "e6e1e6fb1c9e3d6fcdec57216a74eaa03e41f52a22f13a16438251d8e88b89da"
dependencies = [
 "bit-vec",
]

[[package]]
name = "bit-vec"
version = "0.6.1"
source = "registry+https://github.com/rust-lang/crates.io-index"
checksum = "a4523a10839ffae575fb08aa3423026c8cb4687eef43952afb956229d4f246f7"

[[package]]
name = "bitflags"
version = "1.1.0"
source = "registry+https://github.com/rust-lang/crates.io-index"
checksum = "3d155346769a6855b86399e9bc3814ab343cd3d62c7e985113d46a0ec3c281fd"

[[package]]
name = "blake2-rfc"
version = "0.2.18"
source = "registry+https://github.com/rust-lang/crates.io-index"
checksum = "5d6d530bdd2d52966a6d03b7a964add7ae1a288d25214066fd4b600f0f796400"
dependencies = [
 "arrayvec",
 "constant_time_eq",
]

[[package]]
name = "block-buffer"
version = "0.3.3"
source = "registry+https://github.com/rust-lang/crates.io-index"
checksum = "a076c298b9ecdb530ed9d967e74a6027d6a7478924520acddcddc24c1c8ab3ab"
dependencies = [
 "arrayref",
 "byte-tools 0.2.0",
]

[[package]]
name = "block-buffer"
version = "0.7.3"
source = "registry+https://github.com/rust-lang/crates.io-index"
checksum = "c0940dc441f31689269e10ac70eb1002a3a1d3ad1390e030043662eb7fe4688b"
dependencies = [
 "block-padding",
 "byte-tools 0.3.1",
 "byteorder",
 "generic-array 0.12.0",
]

[[package]]
name = "block-cipher-trait"
version = "0.6.2"
source = "registry+https://github.com/rust-lang/crates.io-index"
checksum = "1c924d49bd09e7c06003acda26cd9742e796e34282ec6c1189404dee0c1f4774"
dependencies = [
 "generic-array 0.12.0",
]

[[package]]
name = "block-modes"
version = "0.3.3"
source = "registry+https://github.com/rust-lang/crates.io-index"
checksum = "31aa8410095e39fdb732909fb5730a48d5bd7c2e3cd76bd1b07b3dbea130c529"
dependencies = [
 "block-cipher-trait",
 "block-padding",
]

[[package]]
name = "block-padding"
version = "0.1.4"
source = "registry+https://github.com/rust-lang/crates.io-index"
checksum = "6d4dc3af3ee2e12f3e5d224e5e1e3d73668abbeb69e566d361f7d5563a4fdf09"
dependencies = [
 "byte-tools 0.3.1",
]

[[package]]
name = "byte-tools"
version = "0.2.0"
source = "registry+https://github.com/rust-lang/crates.io-index"
checksum = "560c32574a12a89ecd91f5e742165893f86e3ab98d21f8ea548658eb9eef5f40"

[[package]]
name = "byte-tools"
version = "0.3.1"
source = "registry+https://github.com/rust-lang/crates.io-index"
checksum = "e3b5ca7a04898ad4bcd41c90c5285445ff5b791899bb1b0abdd2a2aa791211d7"

[[package]]
name = "byteorder"
version = "1.3.1"
source = "registry+https://github.com/rust-lang/crates.io-index"
checksum = "a019b10a2a7cdeb292db131fc8113e57ea2a908f6e7894b0c3c671893b65dbeb"

[[package]]
name = "bytes"
version = "0.4.12"
source = "registry+https://github.com/rust-lang/crates.io-index"
checksum = "206fdffcfa2df7cbe15601ef46c813fce0965eb3286db6b56c583b814b51c81c"
dependencies = [
 "byteorder",
 "iovec",
]

[[package]]
name = "canonical-path"
version = "2.0.2"
source = "registry+https://github.com/rust-lang/crates.io-index"
checksum = "e6e9e01327e6c86e92ec72b1c798d4a94810f147209bbe3ffab6a86954937a6f"

[[package]]
name = "cc"
version = "1.0.35"
source = "registry+https://github.com/rust-lang/crates.io-index"
checksum = "5e5f3fee5eeb60324c2781f1e41286bdee933850fff9b3c672587fed5ec58c83"

[[package]]
name = "cfg-if"
version = "0.1.9"
source = "registry+https://github.com/rust-lang/crates.io-index"
checksum = "b486ce3ccf7ffd79fdeb678eac06a9e6c09fc88d33836340becb8fffe87c5e33"

[[package]]
name = "chrono"
version = "0.4.6"
source = "registry+https://github.com/rust-lang/crates.io-index"
checksum = "45912881121cb26fad7c38c17ba7daa18764771836b34fab7d3fbd93ed633878"
dependencies = [
 "num-integer",
 "num-traits",
 "serde",
 "time",
]

[[package]]
name = "clear_on_drop"
version = "0.2.3"
source = "registry+https://github.com/rust-lang/crates.io-index"
checksum = "97276801e127ffb46b66ce23f35cc96bd454fa311294bced4bbace7baa8b1d17"
dependencies = [
 "cc",
]

[[package]]
name = "cloudabi"
version = "0.0.3"
source = "registry+https://github.com/rust-lang/crates.io-index"
checksum = "ddfc5b9aa5d4507acaf872de71051dfd0e309860e88966e1051e462a077aac4f"
dependencies = [
 "bitflags",
]

[[package]]
name = "cmac"
version = "0.2.0"
source = "registry+https://github.com/rust-lang/crates.io-index"
checksum = "6f4a435124bcc292eba031f1f725d7abacdaf13cbf9f935450e8c45aa9e96cad"
dependencies = [
 "block-cipher-trait",
 "crypto-mac",
 "dbl",
]

[[package]]
name = "constant_time_eq"
version = "0.1.3"
source = "registry+https://github.com/rust-lang/crates.io-index"
checksum = "8ff012e225ce166d4422e0e78419d901719760f62ae2b7969ca6b564d1b54a9e"

[[package]]
name = "crypto-mac"
version = "0.7.0"
source = "registry+https://github.com/rust-lang/crates.io-index"
checksum = "4434400df11d95d556bac068ddfedd482915eb18fe8bea89bc80b6e4b1c179e5"
dependencies = [
 "generic-array 0.12.0",
 "subtle 1.0.0",
]

[[package]]
name = "curve25519-dalek"
version = "1.2.1"
source = "registry+https://github.com/rust-lang/crates.io-index"
checksum = "5d4b820e8711c211745880150f5fac78ab07d6e3851d8ce9f5a02cedc199174c"
dependencies = [
 "byteorder",
 "clear_on_drop",
 "digest 0.8.0",
 "rand_core 0.3.1",
 "subtle 2.1.0",
]

[[package]]
name = "dbl"
version = "0.2.1"
source = "registry+https://github.com/rust-lang/crates.io-index"
checksum = "28dc203b75decc900220c4d9838e738d08413e663c26826ba92b669bed1d0795"
dependencies = [
 "generic-array 0.12.0",
]

[[package]]
name = "digest"
version = "0.7.6"
source = "registry+https://github.com/rust-lang/crates.io-index"
checksum = "03b072242a8cbaf9c145665af9d250c59af3b958f83ed6824e13533cf76d5b90"
dependencies = [
 "generic-array 0.9.1",
]

[[package]]
name = "digest"
version = "0.8.0"
source = "registry+https://github.com/rust-lang/crates.io-index"
checksum = "05f47366984d3ad862010e22c7ce81a7dbcaebbdfb37241a620f8b6596ee135c"
dependencies = [
 "generic-array 0.12.0",
]

[[package]]
name = "dirs"
version = "1.0.5"
source = "registry+https://github.com/rust-lang/crates.io-index"
checksum = "3fd78930633bd1c6e35c4b42b1df7b0cbc6bc191146e512bb3bedf243fcc3901"
dependencies = [
 "libc",
 "redox_users",
 "winapi 0.3.7",
]

[[package]]
name = "ed25519-dalek"
version = "1.0.0-pre.1"
source = "registry+https://github.com/rust-lang/crates.io-index"
checksum = "81956bcf7ef761fb4e1d88de3fa181358a0d26cbcb9755b587a08f9119824b86"
dependencies = [
 "clear_on_drop",
 "curve25519-dalek",
 "failure",
 "rand 0.6.5",
 "sha2 0.8.0",
]

[[package]]
name = "either"
version = "1.5.2"
source = "registry+https://github.com/rust-lang/crates.io-index"
checksum = "5527cfe0d098f36e3f8839852688e63c8fff1c90b2b405aef730615f9a7bcf7b"

[[package]]
name = "failure"
version = "0.1.5"
source = "registry+https://github.com/rust-lang/crates.io-index"
checksum = "795bd83d3abeb9220f257e597aa0080a508b27533824adf336529648f6abf7e2"
dependencies = [
 "backtrace",
 "failure_derive",
]

[[package]]
name = "failure_derive"
version = "0.1.5"
source = "registry+https://github.com/rust-lang/crates.io-index"
checksum = "ea1063915fd7ef4309e222a5a07cf9c319fb9c7836b1f89b85458672dbb127e1"
dependencies = [
 "proc-macro2",
 "quote",
 "syn 0.15.35",
 "synstructure",
]

[[package]]
name = "fake-simd"
version = "0.1.2"
source = "registry+https://github.com/rust-lang/crates.io-index"
checksum = "e88a8acf291dafb59c2d96e8f59828f3838bb1a70398823ade51a84de6a6deed"

[[package]]
name = "fuchsia-cprng"
version = "0.1.1"
source = "registry+https://github.com/rust-lang/crates.io-index"
checksum = "a06f77d526c1a601b7c4cdd98f54b5eaabffc14d5f2f0296febdc7f357c6d3ba"

[[package]]
name = "gaunt"
version = "0.1.0"
source = "registry+https://github.com/rust-lang/crates.io-index"
checksum = "0348d3b5fbd30311ea16ce573f137c689e5a3fb2d7b037eefe0a6384143298b6"
dependencies = [
 "failure",
 "failure_derive",
]

[[package]]
name = "generic-array"
version = "0.9.1"
source = "registry+https://github.com/rust-lang/crates.io-index"
checksum = "6d00328cedcac5e81c683e5620ca6a30756fc23027ebf9bff405c0e8da1fbb7e"
dependencies = [
 "typenum",
]

[[package]]
name = "generic-array"
version = "0.12.0"
source = "registry+https://github.com/rust-lang/crates.io-index"
checksum = "3c0f28c2f5bfb5960175af447a2da7c18900693738343dc896ffbcabd9839592"
dependencies = [
 "typenum",
]

[[package]]
name = "getrandom"
version = "0.1.3"
source = "registry+https://github.com/rust-lang/crates.io-index"
checksum = "8d1dffef07351aafe6ef177e4dd2b8dcf503e6bc765dea3b0de9ed149a3db1ec"
dependencies = [
 "cloudabi",
 "fuchsia-cprng",
 "libc",
 "winapi 0.3.7",
]

[[package]]
name = "gumdrop"
version = "0.5.0"
source = "registry+https://github.com/rust-lang/crates.io-index"
checksum = "395c7c79599167d04e7349ee60cc6cb14a28dfebaf922b4dc41603a7b18c3b28"
dependencies = [
 "gumdrop_derive",
]

[[package]]
name = "gumdrop_derive"
version = "0.5.0"
source = "registry+https://github.com/rust-lang/crates.io-index"
checksum = "04c43663fd6604d9065f5cd26ae7a0301491fd941ad29b0a01665a6be3a1ddbd"
dependencies = [
 "proc-macro2",
 "quote",
 "syn 0.14.9",
]

[[package]]
name = "hashbrown"
version = "0.1.8"
source = "registry+https://github.com/rust-lang/crates.io-index"
checksum = "3bae29b6653b3412c2e71e9d486db9f9df5d701941d86683005efb9f2d28e3da"
dependencies = [
 "byteorder",
 "scopeguard",
]

[[package]]
name = "hex"
version = "0.3.2"
source = "registry+https://github.com/rust-lang/crates.io-index"
checksum = "805026a5d0141ffc30abb3be3173848ad46a1b1664fe632428479619a3644d77"

[[package]]
name = "hidapi"
version = "0.5.2"
source = "registry+https://github.com/rust-lang/crates.io-index"
checksum = "25440089a47b7c63b7a3515d1cdfcd0ac3d649fdc360540944e05c4e7899b4fe"
dependencies = [
 "cc",
 "failure",
 "failure_derive",
 "libc",
 "pkg-config",
]

[[package]]
name = "hkdf"
version = "0.7.0"
source = "registry+https://github.com/rust-lang/crates.io-index"
checksum = "1a89c4638cf4e02d9db29750659d2af13d9001b508716f77d4693ec8a1f8bda8"
dependencies = [
 "digest 0.8.0",
 "hmac",
]

[[package]]
name = "hmac"
version = "0.7.0"
source = "registry+https://github.com/rust-lang/crates.io-index"
checksum = "f127a908633569f208325f86f71255d3363c79721d7f9fe31cd5569908819771"
dependencies = [
 "crypto-mac",
 "digest 0.8.0",
]

[[package]]
name = "httparse"
version = "1.3.3"
source = "registry+https://github.com/rust-lang/crates.io-index"
checksum = "e8734b0cfd3bc3e101ec59100e101c2eecd19282202e87808b3037b442777a83"

[[package]]
name = "hyper"
version = "0.10.16"
source = "registry+https://github.com/rust-lang/crates.io-index"
checksum = "0a0652d9a2609a968c14be1a9ea00bf4b1d64e2e1f53a1b51b6fff3a6e829273"
dependencies = [
 "base64",
 "httparse",
 "language-tags",
 "log 0.3.9",
 "mime",
 "num_cpus",
 "time",
 "traitobject",
 "typeable",
 "unicase",
 "url",
]

[[package]]
name = "idna"
version = "0.1.5"
source = "registry+https://github.com/rust-lang/crates.io-index"
checksum = "38f09e0f0b1fb55fdee1f17470ad800da77af5186a1a76c026b679358b7e844e"
dependencies = [
 "matches",
 "unicode-bidi",
 "unicode-normalization",
]

[[package]]
name = "iovec"
version = "0.1.2"
source = "registry+https://github.com/rust-lang/crates.io-index"
checksum = "dbe6e417e7d0975db6512b90796e8ce223145ac4e33c377e4a42882a0e88bb08"
dependencies = [
 "libc",
 "winapi 0.2.8",
]

[[package]]
name = "itertools"
version = "0.7.11"
source = "registry+https://github.com/rust-lang/crates.io-index"
checksum = "0d47946d458e94a1b7bcabbf6521ea7c037062c81f534615abcad76e84d4970d"
dependencies = [
 "either",
]

[[package]]
name = "itoa"
version = "0.4.4"
source = "registry+https://github.com/rust-lang/crates.io-index"
checksum = "501266b7edd0174f8530248f87f99c88fbe60ca4ef3dd486835b8d8d53136f7f"

[[package]]
name = "language-tags"
version = "0.2.2"
source = "registry+https://github.com/rust-lang/crates.io-index"
checksum = "a91d884b6667cd606bb5a69aa0c99ba811a115fc68915e7056ec08a46e93199a"

[[package]]
name = "lazy_static"
version = "1.3.0"
source = "registry+https://github.com/rust-lang/crates.io-index"
checksum = "bc5729f27f159ddd61f4df6228e827e86643d4d3e7c32183cb30a1c08f604a14"

[[package]]
name = "ledger"
version = "0.2.5"
source = "registry+https://github.com/rust-lang/crates.io-index"
checksum = "6c9a2f47929b010a64a4bf9cdfe03b0d02175d44db0b91e16283f5a4a731d52c"
dependencies = [
 "byteorder",
 "cfg-if",
 "hex",
 "hidapi",
 "lazy_static",
 "libc",
 "nix 0.13.0",
 "quick-error",
]

[[package]]
name = "ledger-tendermint"
version = "0.4.0"
source = "registry+https://github.com/rust-lang/crates.io-index"
checksum = "798701caf0fe437d7d72939eed5f18ae187e9c414eb5f4e9b8eeceaa16f99a23"
dependencies = [
 "byteorder",
 "lazy_static",
 "ledger",
 "matches",
 "quick-error",
 "signatory 0.11.5",
]

[[package]]
name = "libc"
version = "0.2.58"
source = "registry+https://github.com/rust-lang/crates.io-index"
checksum = "6281b86796ba5e4366000be6e9e18bf35580adf9e63fbe2294aadb587613a319"

[[package]]
name = "libusb"
version = "0.3.0"
source = "registry+https://github.com/rust-lang/crates.io-index"
checksum = "5f990ddd929cbe53de4ecd6cf26e1f4e0c5b9796e4c629d9046570b03738aa53"
dependencies = [
 "bit-set",
 "libc",
 "libusb-sys",
]

[[package]]
name = "libusb-sys"
version = "0.2.3"
source = "registry+https://github.com/rust-lang/crates.io-index"
checksum = "4c53b6582563d64ad3e692f54ef95239c3ea8069e82c9eb70ca948869a7ad767"
dependencies = [
 "libc",
 "pkg-config",
]

[[package]]
name = "lock_api"
version = "0.1.5"
source = "registry+https://github.com/rust-lang/crates.io-index"
checksum = "62ebf1391f6acad60e5c8b43706dde4582df75c06698ab44511d15016bc2442c"
dependencies = [
 "scopeguard",
]

[[package]]
name = "log"
version = "0.3.9"
source = "registry+https://github.com/rust-lang/crates.io-index"
checksum = "e19e8d5c34a3e0e2223db8e060f9e8264aeeb5c5fc64a4ee9965c062211c024b"
dependencies = [
 "log 0.4.6",
]

[[package]]
name = "log"
version = "0.4.6"
source = "registry+https://github.com/rust-lang/crates.io-index"
checksum = "c84ec4b527950aa83a329754b01dbe3f58361d1c5efacd1f6d68c494d08a17c6"
dependencies = [
 "cfg-if",
]

[[package]]
name = "matches"
version = "0.1.8"
source = "registry+https://github.com/rust-lang/crates.io-index"
checksum = "7ffc5c5338469d4d3ea17d269fa8ea3512ad247247c30bd2df69e68309ed0a08"

[[package]]
name = "mime"
version = "0.2.6"
source = "registry+https://github.com/rust-lang/crates.io-index"
checksum = "ba626b8a6de5da682e1caa06bdb42a335aee5a84db8e5046a3e8ab17ba0a3ae0"
dependencies = [
 "log 0.3.9",
]

[[package]]
name = "nix"
version = "0.13.0"
source = "registry+https://github.com/rust-lang/crates.io-index"
checksum = "46f0f3210768d796e8fa79ec70ee6af172dacbe7147f5e69be5240a47778302b"
dependencies = [
 "bitflags",
 "cc",
 "cfg-if",
 "libc",
 "void",
]

[[package]]
name = "nix"
version = "0.14.1"
source = "registry+https://github.com/rust-lang/crates.io-index"
checksum = "6c722bee1037d430d0f8e687bbdbf222f27cc6e4e68d5caf630857bb2b6dbdce"
dependencies = [
 "bitflags",
 "cc",
 "cfg-if",
 "libc",
 "void",
]

[[package]]
name = "nodrop"
version = "0.1.13"
source = "registry+https://github.com/rust-lang/crates.io-index"
checksum = "2f9667ddcc6cc8a43afc9b7917599d7216aa09c463919ea32c59ed6cac8bc945"

[[package]]
name = "num-integer"
version = "0.1.41"
source = "registry+https://github.com/rust-lang/crates.io-index"
checksum = "b85e541ef8255f6cf42bbfe4ef361305c6c135d10919ecc26126c4e5ae94bc09"
dependencies = [
 "autocfg",
 "num-traits",
]

[[package]]
name = "num-traits"
version = "0.2.8"
source = "registry+https://github.com/rust-lang/crates.io-index"
checksum = "6ba9a427cfca2be13aa6f6403b0b7e7368fe982bfa16fccc450ce74c46cd9b32"
dependencies = [
 "autocfg",
]

[[package]]
name = "num_cpus"
version = "1.10.0"
source = "registry+https://github.com/rust-lang/crates.io-index"
checksum = "1a23f0ed30a54abaa0c7e83b1d2d87ada7c3c23078d1d87815af3e3b6385fbba"
dependencies = [
 "libc",
]

[[package]]
name = "numtoa"
version = "0.1.0"
source = "registry+https://github.com/rust-lang/crates.io-index"
checksum = "b8f8bdf33df195859076e54ab11ee78a1b208382d3a26ec40d142ffc1ecc49ef"

[[package]]
name = "once_cell"
version = "0.1.8"
source = "registry+https://github.com/rust-lang/crates.io-index"
checksum = "532c29a261168a45ce28948f9537ddd7a5dd272cc513b3017b1e82a88f962c37"
dependencies = [
 "parking_lot",
]

[[package]]
name = "opaque-debug"
version = "0.2.2"
source = "registry+https://github.com/rust-lang/crates.io-index"
checksum = "93f5bb2e8e8dec81642920ccff6b61f1eb94fa3020c5a325c9851ff604152409"

[[package]]
name = "parking_lot"
version = "0.7.1"
source = "registry+https://github.com/rust-lang/crates.io-index"
checksum = "ab41b4aed082705d1056416ae4468b6ea99d52599ecf3169b00088d43113e337"
dependencies = [
 "lock_api",
 "parking_lot_core",
]

[[package]]
name = "parking_lot_core"
version = "0.4.0"
source = "registry+https://github.com/rust-lang/crates.io-index"
checksum = "94c8c7923936b28d546dfd14d4472eaf34c99b14e1c973a32b3e6d4eb04298c9"
dependencies = [
 "libc",
 "rand 0.6.5",
 "rustc_version",
 "smallvec",
 "winapi 0.3.7",
]

[[package]]
name = "pbkdf2"
version = "0.3.0"
source = "registry+https://github.com/rust-lang/crates.io-index"
checksum = "006c038a43a45995a9670da19e67600114740e8511d4333bf97a56e66a7542d9"
dependencies = [
 "byteorder",
 "crypto-mac",
]

[[package]]
name = "percent-encoding"
version = "1.0.1"
source = "registry+https://github.com/rust-lang/crates.io-index"
checksum = "31010dd2e1ac33d5b46a5b413495239882813e0369f8ed8a5e266f173602f831"

[[package]]
name = "pkg-config"
version = "0.3.14"
source = "registry+https://github.com/rust-lang/crates.io-index"
checksum = "676e8eb2b1b4c9043511a9b7bea0915320d7e502b0a079fb03f9635a5252b18c"

[[package]]
name = "proc-macro2"
version = "0.4.30"
source = "registry+https://github.com/rust-lang/crates.io-index"
checksum = "cf3d2011ab5c909338f7887f4fc896d35932e29146c12c8d01da6b22a80ba759"
dependencies = [
 "unicode-xid",
]

[[package]]
name = "prost-amino"
version = "0.4.0"
source = "registry+https://github.com/rust-lang/crates.io-index"
checksum = "04c5c4189b6c3e054c064a0c88d51f9379db268d5f8f6ea6afffd3849aeca1a7"
dependencies = [
 "byteorder",
 "bytes",
]

[[package]]
name = "prost-amino-derive"
version = "0.4.0"
source = "registry+https://github.com/rust-lang/crates.io-index"
checksum = "6376b995db84c9791ab5d3f7bc3e315f8bc1a55fe139a0a2da24aa24e27de809"
dependencies = [
 "digest 0.7.6",
 "failure",
 "itertools",
 "proc-macro2",
 "quote",
 "sha2 0.7.1",
 "syn 0.14.9",
]

[[package]]
name = "quick-error"
version = "1.2.2"
source = "registry+https://github.com/rust-lang/crates.io-index"
checksum = "9274b940887ce9addde99c4eee6b5c44cc494b182b97e73dc8ffdcb3397fd3f0"

[[package]]
name = "quote"
version = "0.6.12"
source = "registry+https://github.com/rust-lang/crates.io-index"
checksum = "faf4799c5d274f3868a4aae320a0a182cbd2baee377b378f080e16a23e9d80db"
dependencies = [
 "proc-macro2",
]

[[package]]
name = "rand"
version = "0.4.6"
source = "registry+https://github.com/rust-lang/crates.io-index"
checksum = "552840b97013b1a26992c11eac34bdd778e464601a4c2054b5f0bff7c6761293"
dependencies = [
 "fuchsia-cprng",
 "libc",
 "rand_core 0.3.1",
 "rdrand",
 "winapi 0.3.7",
]

[[package]]
name = "rand"
version = "0.6.5"
source = "registry+https://github.com/rust-lang/crates.io-index"
checksum = "6d71dacdc3c88c1fde3885a3be3fbab9f35724e6ce99467f7d9c5026132184ca"
dependencies = [
 "autocfg",
 "libc",
 "rand_chacha",
 "rand_core 0.4.0",
 "rand_hc",
 "rand_isaac",
 "rand_jitter",
 "rand_os",
 "rand_pcg",
 "rand_xorshift",
 "winapi 0.3.7",
]

[[package]]
name = "rand_chacha"
version = "0.1.1"
source = "registry+https://github.com/rust-lang/crates.io-index"
checksum = "556d3a1ca6600bfcbab7c7c91ccb085ac7fbbcd70e008a98742e7847f4f7bcef"
dependencies = [
 "autocfg",
 "rand_core 0.3.1",
]

[[package]]
name = "rand_core"
version = "0.3.1"
source = "registry+https://github.com/rust-lang/crates.io-index"
checksum = "7a6fdeb83b075e8266dcc8762c22776f6877a63111121f5f8c7411e5be7eed4b"
dependencies = [
 "rand_core 0.4.0",
]

[[package]]
name = "rand_core"
version = "0.4.0"
source = "registry+https://github.com/rust-lang/crates.io-index"
checksum = "d0e7a549d590831370895ab7ba4ea0c1b6b011d106b5ff2da6eee112615e6dc0"

[[package]]
name = "rand_hc"
version = "0.1.0"
source = "registry+https://github.com/rust-lang/crates.io-index"
checksum = "7b40677c7be09ae76218dc623efbf7b18e34bced3f38883af07bb75630a21bc4"
dependencies = [
 "rand_core 0.3.1",
]

[[package]]
name = "rand_isaac"
version = "0.1.1"
source = "registry+https://github.com/rust-lang/crates.io-index"
checksum = "ded997c9d5f13925be2a6fd7e66bf1872597f759fd9dd93513dd7e92e5a5ee08"
dependencies = [
 "rand_core 0.3.1",
]

[[package]]
name = "rand_jitter"
version = "0.1.4"
source = "registry+https://github.com/rust-lang/crates.io-index"
checksum = "1166d5c91dc97b88d1decc3285bb0a99ed84b05cfd0bc2341bdf2d43fc41e39b"
dependencies = [
 "libc",
 "rand_core 0.4.0",
 "winapi 0.3.7",
]

[[package]]
name = "rand_os"
version = "0.1.3"
source = "registry+https://github.com/rust-lang/crates.io-index"
checksum = "7b75f676a1e053fc562eafbb47838d67c84801e38fc1ba459e8f180deabd5071"
dependencies = [
 "cloudabi",
 "fuchsia-cprng",
 "libc",
 "rand_core 0.4.0",
 "rdrand",
 "winapi 0.3.7",
]

[[package]]
name = "rand_pcg"
version = "0.1.2"
source = "registry+https://github.com/rust-lang/crates.io-index"
checksum = "abf9b09b01790cfe0364f52bf32995ea3c39f4d2dd011eac241d2914146d0b44"
dependencies = [
 "autocfg",
 "rand_core 0.4.0",
]

[[package]]
name = "rand_xorshift"
version = "0.1.1"
source = "registry+https://github.com/rust-lang/crates.io-index"
checksum = "cbf7e9e623549b0e21f6e97cf8ecf247c1a8fd2e8a992ae265314300b2455d5c"
dependencies = [
 "rand_core 0.3.1",
]

[[package]]
name = "rdrand"
version = "0.4.0"
source = "registry+https://github.com/rust-lang/crates.io-index"
checksum = "678054eb77286b51581ba43620cc911abf02758c91f93f479767aed0f90458b2"
dependencies = [
 "rand_core 0.3.1",
]

[[package]]
name = "redox_syscall"
version = "0.1.54"
source = "registry+https://github.com/rust-lang/crates.io-index"
checksum = "12229c14a0f65c4f1cb046a3b52047cdd9da1f4b30f8a39c5063c8bae515e252"

[[package]]
name = "redox_termios"
version = "0.1.1"
source = "registry+https://github.com/rust-lang/crates.io-index"
checksum = "7e891cfe48e9100a70a3b6eb652fef28920c117d366339687bd5576160db0f76"
dependencies = [
 "redox_syscall",
]

[[package]]
name = "redox_users"
version = "0.3.0"
source = "registry+https://github.com/rust-lang/crates.io-index"
checksum = "3fe5204c3a17e97dde73f285d49be585df59ed84b50a872baf416e73b62c3828"
dependencies = [
 "argon2rs",
 "failure",
 "rand_os",
 "redox_syscall",
]

[[package]]
name = "remove_dir_all"
version = "0.5.1"
source = "registry+https://github.com/rust-lang/crates.io-index"
checksum = "3488ba1b9a2084d38645c4c08276a1752dcbf2c7130d74f1569681ad5d2799c5"
dependencies = [
 "winapi 0.3.7",
]

[[package]]
name = "ring"
version = "0.14.6"
source = "registry+https://github.com/rust-lang/crates.io-index"
checksum = "426bc186e3e95cac1e4a4be125a4aca7e84c2d616ffc02244eef36e2a60a093c"
dependencies = [
 "cc",
 "lazy_static",
 "libc",
 "spin",
 "untrusted",
 "winapi 0.3.7",
]

[[package]]
name = "rustc-demangle"
version = "0.1.15"
source = "registry+https://github.com/rust-lang/crates.io-index"
checksum = "a7f4dccf6f4891ebcc0c39f9b6eb1a83b9bf5d747cb439ec6fba4f3b977038af"

[[package]]
name = "rustc_version"
version = "0.2.3"
source = "registry+https://github.com/rust-lang/crates.io-index"
checksum = "138e3e0acb6c9fb258b19b67cb8abd63c00679d2851805ea151465464fe9030a"
dependencies = [
 "semver",
]

[[package]]
name = "ryu"
version = "0.2.8"
source = "registry+https://github.com/rust-lang/crates.io-index"
checksum = "b96a9549dc8d48f2c283938303c4b5a77aa29bfbc5b54b084fb1630408899a8f"

[[package]]
name = "safemem"
version = "0.3.0"
source = "registry+https://github.com/rust-lang/crates.io-index"
checksum = "8dca453248a96cb0749e36ccdfe2b0b4e54a61bfef89fb97ec621eb8e0a93dd9"

[[package]]
name = "scoped_threadpool"
version = "0.1.9"
source = "registry+https://github.com/rust-lang/crates.io-index"
checksum = "1d51f5df5af43ab3f1360b429fa5e0152ac5ce8c0bd6485cae490332e96846a8"

[[package]]
name = "scopeguard"
version = "0.3.3"
source = "registry+https://github.com/rust-lang/crates.io-index"
checksum = "94258f53601af11e6a49f722422f6e3425c52b06245a5cf9bc09908b174f5e27"

[[package]]
name = "secp256k1"
version = "0.13.0"
source = "registry+https://github.com/rust-lang/crates.io-index"
checksum = "fb1f2c586f44331cd22561405885bb55d869e042715f29d019dbe68558b4f7ec"
dependencies = [
 "cc",
]

[[package]]
name = "secrecy"
version = "0.2.1"
source = "registry+https://github.com/rust-lang/crates.io-index"
checksum = "ca0a45d09dbe5add123ade41bb7c4ad697a2544c7834a77bc145135c80c5f30a"
dependencies = [
 "serde",
 "zeroize",
]

[[package]]
name = "semver"
version = "0.9.0"
source = "registry+https://github.com/rust-lang/crates.io-index"
checksum = "1d7eb9ef2c18661902cc47e535f9bc51b78acd254da71d375c2f6720d9a40403"
dependencies = [
 "semver-parser",
]

[[package]]
name = "semver-parser"
version = "0.7.0"
source = "registry+https://github.com/rust-lang/crates.io-index"
checksum = "388a1df253eca08550bef6c72392cfe7c30914bf41df5269b68cbd6ff8f570a3"

[[package]]
name = "serde"
version = "1.0.92"
source = "registry+https://github.com/rust-lang/crates.io-index"
checksum = "32746bf0f26eab52f06af0d0aa1984f641341d06d8d673c693871da2d188c9be"
dependencies = [
 "serde_derive",
]

[[package]]
name = "serde_derive"
version = "1.0.92"
source = "registry+https://github.com/rust-lang/crates.io-index"
checksum = "46a3223d0c9ba936b61c0d2e3e559e3217dbfb8d65d06d26e8b3c25de38bae3e"
dependencies = [
 "proc-macro2",
 "quote",
 "syn 0.15.35",
]

[[package]]
name = "serde_json"
version = "1.0.39"
source = "registry+https://github.com/rust-lang/crates.io-index"
checksum = "5a23aa71d4a4d43fdbfaac00eff68ba8a06a51759a89ac3304323e800c4dd40d"
dependencies = [
 "itoa",
 "ryu",
 "serde",
]

[[package]]
name = "sha2"
version = "0.7.1"
source = "registry+https://github.com/rust-lang/crates.io-index"
checksum = "9eb6be24e4c23a84d7184280d2722f7f2731fcdd4a9d886efbfe4413e4847ea0"
dependencies = [
 "block-buffer 0.3.3",
 "byte-tools 0.2.0",
 "digest 0.7.6",
 "fake-simd",
]

[[package]]
name = "sha2"
version = "0.8.0"
source = "registry+https://github.com/rust-lang/crates.io-index"
checksum = "7b4d8bfd0e469f417657573d8451fb33d16cfe0989359b93baf3a1ffc639543d"
dependencies = [
 "block-buffer 0.7.3",
 "digest 0.8.0",
 "fake-simd",
 "opaque-debug",
]

[[package]]
name = "signal-hook"
version = "0.1.9"
source = "registry+https://github.com/rust-lang/crates.io-index"
checksum = "72ab58f1fda436857e6337dcb6a5aaa34f16c5ddc87b3a8b6ef7a212f90b9c5a"
dependencies = [
 "libc",
 "signal-hook-registry",
]

[[package]]
name = "signal-hook-registry"
version = "1.0.1"
source = "registry+https://github.com/rust-lang/crates.io-index"
checksum = "cded4ffa32146722ec54ab1f16320568465aa922aa9ab4708129599740da85d7"
dependencies = [
 "arc-swap",
 "libc",
]

[[package]]
name = "signatory"
version = "0.11.5"
source = "registry+https://github.com/rust-lang/crates.io-index"
checksum = "45329515bd428e81eb5b08c1629fb8099d79ea8ce8e1b9f3b68ee766be82f66d"
dependencies = [
 "digest 0.8.0",
 "generic-array 0.12.0",
 "getrandom",
 "subtle-encoding",
 "zeroize",
]

[[package]]
name = "signatory"
version = "0.12.0"
source = "registry+https://github.com/rust-lang/crates.io-index"
checksum = "92785dea71e4d1d2b2c5dceee9cdaf809a177e3865b29d246b0314f4ecc110b0"
dependencies = [
 "generic-array 0.12.0",
 "getrandom",
 "sha2 0.8.0",
 "signature",
 "subtle-encoding",
 "zeroize",
]

[[package]]
name = "signatory-dalek"
version = "0.12.0"
source = "registry+https://github.com/rust-lang/crates.io-index"
checksum = "ad3891c134888db96183ebfa6d1f6bf5b4c566b3a43d40d219cd5959620bbcdd"
dependencies = [
 "digest 0.8.0",
 "ed25519-dalek",
 "sha2 0.8.0",
 "signatory 0.12.0",
]

[[package]]
name = "signatory-ledger-tm"
version = "0.12.0"
source = "registry+https://github.com/rust-lang/crates.io-index"
checksum = "d1175610eb08aa9147e5317c7b3358d3c8a78adaac9c2c940bd1fc92df8e0f12"
dependencies = [
 "lazy_static",
 "ledger-tendermint",
 "libc",
 "signatory 0.12.0",
]

[[package]]
name = "signatory-secp256k1"
version = "0.12.0"
source = "registry+https://github.com/rust-lang/crates.io-index"
checksum = "97a10de0732f951ceb8401ecd60ab016ca5ee7eb988e3819b3b23ae3611bb9f4"
dependencies = [
 "secp256k1",
 "signatory 0.12.0",
 "signature",
]

[[package]]
name = "signature"
version = "0.2.0"
source = "registry+https://github.com/rust-lang/crates.io-index"
checksum = "144b5d1138a4339c839603f15f69ffe3195e51b5caa92f815b47d4553db47337"
dependencies = [
 "digest 0.8.0",
 "signature_derive",
]

[[package]]
name = "signature_derive"
version = "0.2.1"
source = "registry+https://github.com/rust-lang/crates.io-index"
checksum = "21de160b58596767f60a674960253756643aa84674a1afa813148abb9a91815e"
dependencies = [
 "proc-macro2",
 "quote",
 "syn 0.15.35",
 "synstructure",
]

[[package]]
name = "simplelog"
version = "0.5.3"
source = "registry+https://github.com/rust-lang/crates.io-index"
checksum = "2e95345f185d5adeb8ec93459d2dc99654e294cc6ccf5b75414d8ea262de9a13"
dependencies = [
 "chrono",
 "log 0.4.6",
 "term",
]

[[package]]
name = "smallvec"
version = "0.6.9"
source = "registry+https://github.com/rust-lang/crates.io-index"
checksum = "c4488ae950c49d403731982257768f48fada354a5203fe81f9bb6f43ca9002be"

[[package]]
name = "spin"
version = "0.5.0"
source = "registry+https://github.com/rust-lang/crates.io-index"
checksum = "44363f6f51401c34e7be73db0db371c04705d35efbe9f7d6082e03a921a32c55"

[[package]]
name = "subtle"
version = "1.0.0"
source = "registry+https://github.com/rust-lang/crates.io-index"
checksum = "2d67a5a62ba6e01cb2192ff309324cb4875d0c451d55fe2319433abe7a05a8ee"

[[package]]
name = "subtle"
version = "2.1.0"
source = "registry+https://github.com/rust-lang/crates.io-index"
checksum = "01dca13cf6c3b179864ab3292bd794e757618d35a7766b7c46050c614ba00829"

[[package]]
name = "subtle-encoding"
version = "0.3.7"
source = "registry+https://github.com/rust-lang/crates.io-index"
checksum = "661a0cd6c74eca6fab1a5b452d9f2201fbac9004e958bd70d5b4f288b1aed479"
dependencies = [
 "failure",
 "failure_derive",
 "zeroize",
]

[[package]]
name = "syn"
version = "0.14.9"
source = "registry+https://github.com/rust-lang/crates.io-index"
checksum = "261ae9ecaa397c42b960649561949d69311f08eeaea86a65696e6e46517cf741"
dependencies = [
 "proc-macro2",
 "quote",
 "unicode-xid",
]

[[package]]
name = "syn"
version = "0.15.35"
source = "registry+https://github.com/rust-lang/crates.io-index"
checksum = "641e117d55514d6d918490e47102f7e08d096fdde360247e4a10f7a91a8478d3"
dependencies = [
 "proc-macro2",
 "quote",
 "unicode-xid",
]

[[package]]
name = "synstructure"
version = "0.10.2"
source = "registry+https://github.com/rust-lang/crates.io-index"
checksum = "02353edf96d6e4dc81aea2d8490a7e9db177bf8acb0e951c24940bf866cb313f"
dependencies = [
 "proc-macro2",
 "quote",
 "syn 0.15.35",
 "unicode-xid",
]

[[package]]
name = "tai64"
version = "2.0.1"
source = "registry+https://github.com/rust-lang/crates.io-index"
checksum = "5f442aa71b3f67bc82699063a608b32331ab5b0fcdd078694d3d4b84716b0942"
dependencies = [
 "chrono",
 "failure",
]

[[package]]
name = "tempdir"
version = "0.3.7"
source = "registry+https://github.com/rust-lang/crates.io-index"
checksum = "15f2b5fb00ccdf689e0149d1b1b3c03fead81c2b37735d812fa8bddbbf41b6d8"
dependencies = [
 "rand 0.4.6",
 "remove_dir_all",
]

[[package]]
name = "tempfile"
version = "3.0.8"
source = "registry+https://github.com/rust-lang/crates.io-index"
checksum = "7dc4738f2e68ed2855de5ac9cdbe05c9216773ecde4739b2f095002ab03a13ef"
dependencies = [
 "cfg-if",
 "libc",
 "rand 0.6.5",
 "redox_syscall",
 "remove_dir_all",
 "winapi 0.3.7",
]

[[package]]
name = "tendermint"
version = "0.7.0"
dependencies = [
 "byteorder",
 "bytes",
 "chrono",
 "digest 0.8.0",
 "failure",
 "hkdf",
 "hyper",
 "prost-amino",
 "prost-amino-derive",
 "rand_os",
 "ring",
 "serde",
 "serde_json",
 "sha2 0.8.0",
 "signatory 0.12.0",
 "signatory-dalek",
 "subtle 2.1.0",
 "subtle-encoding",
 "tai64",
 "uuid",
 "x25519-dalek",
 "zeroize",
]

[[package]]
name = "term"
version = "0.5.2"
source = "registry+https://github.com/rust-lang/crates.io-index"
checksum = "edd106a334b7657c10b7c540a0106114feadeb4dc314513e97df481d5d966f42"
dependencies = [
 "byteorder",
 "dirs",
 "winapi 0.3.7",
]

[[package]]
name = "termcolor"
version = "1.0.5"
source = "registry+https://github.com/rust-lang/crates.io-index"
checksum = "96d6098003bde162e4277c70665bd87c326f5a0c3f3fbfb285787fa482d54e6e"
dependencies = [
 "wincolor",
]

[[package]]
name = "termion"
version = "1.5.2"
source = "registry+https://github.com/rust-lang/crates.io-index"
checksum = "dde0593aeb8d47accea5392b39350015b5eccb12c0d98044d856983d89548dea"
dependencies = [
 "libc",
 "numtoa",
 "redox_syscall",
 "redox_termios",
]

[[package]]
name = "time"
version = "0.1.42"
source = "registry+https://github.com/rust-lang/crates.io-index"
checksum = "db8dcfca086c1143c9270ac42a2bbd8a7ee477b78ac8e45b19abfb0cbede4b6f"
dependencies = [
 "libc",
 "redox_syscall",
 "winapi 0.3.7",
]

[[package]]
name = "tiny-bip39"
version = "0.6.2"
source = "registry+https://github.com/rust-lang/crates.io-index"
checksum = "c1c5676413eaeb1ea35300a0224416f57abc3bd251657e0fafc12c47ff98c060"
dependencies = [
 "failure",
 "hashbrown",
 "hmac",
 "once_cell",
 "pbkdf2",
 "rand 0.6.5",
 "sha2 0.8.0",
]

[[package]]
name = "tmkms"
version = "0.6.0-alpha1"
dependencies = [
 "abscissa",
 "atomicwrites",
 "byteorder",
 "bytes",
 "chrono",
 "failure",
 "gumdrop",
 "hkdf",
 "hmac",
 "lazy_static",
 "log 0.4.6",
 "prost-amino",
 "prost-amino-derive",
 "rand 0.6.5",
 "rand_os",
 "serde",
 "serde_json",
 "sha2 0.8.0",
 "signal-hook",
 "signatory 0.12.0",
 "signatory-dalek",
 "signatory-ledger-tm",
 "signatory-secp256k1",
 "subtle 2.1.0",
 "subtle-encoding",
 "tempfile",
 "tendermint",
 "tiny-bip39",
 "wait-timeout",
 "yubihsm",
 "zeroize",
]

[[package]]
name = "toml"
version = "0.5.1"
source = "registry+https://github.com/rust-lang/crates.io-index"
checksum = "b8c96d7873fa7ef8bdeb3a9cda3ac48389b4154f32b9803b4bc26220b677b039"
dependencies = [
 "serde",
]

[[package]]
name = "traitobject"
version = "0.1.0"
source = "registry+https://github.com/rust-lang/crates.io-index"
checksum = "efd1f82c56340fdf16f2a953d7bda4f8fdffba13d93b00844c25572110b26079"

[[package]]
name = "typeable"
version = "0.1.2"
source = "registry+https://github.com/rust-lang/crates.io-index"
checksum = "1410f6f91f21d1612654e7cc69193b0334f909dcf2c790c4826254fbb86f8887"

[[package]]
name = "typenum"
version = "1.10.0"
source = "registry+https://github.com/rust-lang/crates.io-index"
checksum = "612d636f949607bdf9b123b4a6f6d966dedf3ff669f7f045890d3a4a73948169"

[[package]]
name = "unicase"
version = "1.4.2"
source = "registry+https://github.com/rust-lang/crates.io-index"
checksum = "7f4765f83163b74f957c797ad9253caf97f103fb064d3999aea9568d09fc8a33"
dependencies = [
 "version_check",
]

[[package]]
name = "unicode-bidi"
version = "0.3.4"
source = "registry+https://github.com/rust-lang/crates.io-index"
checksum = "49f2bd0c6468a8230e1db229cff8029217cf623c767ea5d60bfbd42729ea54d5"
dependencies = [
 "matches",
]

[[package]]
name = "unicode-normalization"
version = "0.1.8"
source = "registry+https://github.com/rust-lang/crates.io-index"
checksum = "141339a08b982d942be2ca06ff8b076563cbe223d1befd5450716790d44e2426"
dependencies = [
 "smallvec",
]

[[package]]
name = "unicode-xid"
version = "0.1.0"
source = "registry+https://github.com/rust-lang/crates.io-index"
checksum = "fc72304796d0818e357ead4e000d19c9c174ab23dc11093ac919054d20a6a7fc"

[[package]]
name = "untrusted"
version = "0.6.2"
source = "registry+https://github.com/rust-lang/crates.io-index"
checksum = "55cd1f4b4e96b46aeb8d4855db4a7a9bd96eeeb5c6a1ab54593328761642ce2f"

[[package]]
name = "url"
version = "1.7.2"
source = "registry+https://github.com/rust-lang/crates.io-index"
checksum = "dd4e7c0d531266369519a4aa4f399d748bd37043b00bde1e4ff1f60a120b355a"
dependencies = [
 "idna",
 "matches",
 "percent-encoding",
]

[[package]]
name = "uuid"
version = "0.7.4"
source = "registry+https://github.com/rust-lang/crates.io-index"
checksum = "90dbc611eb48397705a6b0f6e917da23ae517e4d127123d2cf7674206627d32a"
dependencies = [
 "serde",
]

[[package]]
name = "version_check"
version = "0.1.5"
source = "registry+https://github.com/rust-lang/crates.io-index"
checksum = "914b1a6776c4c929a602fafd8bc742e06365d4bcbe48c30f9cca5824f70dc9dd"

[[package]]
name = "void"
version = "1.0.2"
source = "registry+https://github.com/rust-lang/crates.io-index"
checksum = "6a02e4885ed3bc0f2de90ea6dd45ebcbb66dacffe03547fadbb0eeae2770887d"

[[package]]
name = "wait-timeout"
version = "0.2.0"
source = "registry+https://github.com/rust-lang/crates.io-index"
checksum = "9f200f5b12eb75f8c1ed65abd4b2db8a6e1b138a20de009dacee265a2498f3f6"
dependencies = [
 "libc",
]

[[package]]
name = "winapi"
version = "0.2.8"
source = "registry+https://github.com/rust-lang/crates.io-index"
checksum = "167dc9d6949a9b857f3451275e911c3f44255842c1f7a76f33c55103a909087a"

[[package]]
name = "winapi"
version = "0.3.7"
source = "registry+https://github.com/rust-lang/crates.io-index"
checksum = "f10e386af2b13e47c89e7236a7a14a086791a2b88ebad6df9bf42040195cf770"
dependencies = [
 "winapi-i686-pc-windows-gnu",
 "winapi-x86_64-pc-windows-gnu",
]

[[package]]
name = "winapi-i686-pc-windows-gnu"
version = "0.4.0"
source = "registry+https://github.com/rust-lang/crates.io-index"
checksum = "ac3b87c63620426dd9b991e5ce0329eff545bccbbb34f3be09ff6fb6ab51b7b6"

[[package]]
name = "winapi-util"
version = "0.1.2"
source = "registry+https://github.com/rust-lang/crates.io-index"
checksum = "7168bab6e1daee33b4557efd0e95d5ca70a03706d39fa5f3fe7a236f584b03c9"
dependencies = [
 "winapi 0.3.7",
]

[[package]]
name = "winapi-x86_64-pc-windows-gnu"
version = "0.4.0"
source = "registry+https://github.com/rust-lang/crates.io-index"
checksum = "712e227841d057c1ee1cd2fb22fa7e5a5461ae8e48fa2ca79ec42cfc1931183f"

[[package]]
name = "wincolor"
version = "1.0.1"
source = "registry+https://github.com/rust-lang/crates.io-index"
checksum = "561ed901ae465d6185fa7864d63fbd5720d0ef718366c9a4dc83cf6170d7e9ba"
dependencies = [
 "winapi 0.3.7",
 "winapi-util",
]

[[package]]
name = "x25519-dalek"
version = "0.5.2"
source = "registry+https://github.com/rust-lang/crates.io-index"
checksum = "7ee1585dc1484373cbc1cee7aafda26634665cf449436fd6e24bfd1fad230538"
dependencies = [
 "clear_on_drop",
 "curve25519-dalek",
 "rand_core 0.3.1",
]

[[package]]
name = "yubihsm"
version = "0.25.0"
source = "registry+https://github.com/rust-lang/crates.io-index"
checksum = "309e48dff6c33d549962d5648955659cb124ddfe99f690bd36e153dc676960df"
dependencies = [
 "aes",
 "bitflags",
 "block-modes",
 "chrono",
 "cmac",
 "failure",
 "failure_derive",
 "gaunt",
 "getrandom",
 "hmac",
 "lazy_static",
 "libusb",
 "log 0.4.6",
 "pbkdf2",
 "ring",
 "serde",
 "serde_json",
 "sha2 0.8.0",
 "signatory 0.12.0",
 "signature",
 "signature_derive",
 "subtle 2.1.0",
 "untrusted",
 "uuid",
 "zeroize",
]

[[package]]
name = "zeroize"
version = "0.9.1"
source = "registry+https://github.com/rust-lang/crates.io-index"
checksum = "5e2ea4afc22e9497e26b42bf047083c30f7e3ca566f3bcd7187f83d18b327043"
dependencies = [
 "zeroize_derive",
]

[[package]]
name = "zeroize_derive"
version = "0.9.0"
source = "registry+https://github.com/rust-lang/crates.io-index"
checksum = "afd1469e4bbca3b96606d26ba6e9bd6d3aed3b1299c82b92ec94377d22d78dbc"
dependencies = [
 "proc-macro2",
 "quote",
 "syn 0.15.35",
 "synstructure",
]
